
Microsoft Visual Studio Solution File, Format Version 12.00
Project("{FAE04EC0-301F-11D3-BF4B-00C04F79EFBC}") = "Calculator1", "Calculator1\Calculator1.csproj", "{04A2977A-CB0A-4AFB-ACD2-D272E6C49F55}"
EndProject
Global
	GlobalSection(SolutionConfigurationPlatforms) = preSolution
		Debug|Any CPU = Debug|Any CPU
		Release|Any CPU = Release|Any CPU
	EndGlobalSection
	GlobalSection(ProjectConfigurationPlatforms) = postSolution
		{04A2977A-CB0A-4AFB-ACD2-D272E6C49F55}.Debug|Any CPU.ActiveCfg = Debug|Any CPU
		{04A2977A-CB0A-4AFB-ACD2-D272E6C49F55}.Debug|Any CPU.Build.0 = Debug|Any CPU
		{04A2977A-CB0A-4AFB-ACD2-D272E6C49F55}.Release|Any CPU.ActiveCfg = Release|Any CPU
		{04A2977A-CB0A-4AFB-ACD2-D272E6C49F55}.Release|Any CPU.Build.0 = Release|Any CPU
	EndGlobalSection
EndGlobal
